
Microsoft Visual Studio Solution File, Format Version 12.00
# Visual Studio Version 17
VisualStudioVersion = 17.7.34031.279
MinimumVisualStudioVersion = 10.0.40219.1
Project("{8BC9CEB8-8B4A-11D0-8D11-00A0C91BC942}") = "Bai001", "Bai001\Bai001.vcxproj", "{9240E471-7DCD-41E3-9121-6E0C312D43A0}"
EndProject
Project("{8BC9CEB8-8B4A-11D0-8D11-00A0C91BC942}") = "Bai003", "Bai003\Bai003.vcxproj", "{802648ED-BE3C-4641-8CD8-E97404EA03D1}"
EndProject
Project("{8BC9CEB8-8B4A-11D0-8D11-00A0C91BC942}") = "Bai009", "Bai009\Bai009.vcxproj", "{CA8360F1-614C-4290-AF2D-A796AEAD6381}"
EndProject
Project("{8BC9CEB8-8B4A-11D0-8D11-00A0C91BC942}") = "Bai015", "Bai015\Bai015.vcxproj", "{EB46F99A-E85B-47CB-BA6E-0791F6927376}"
EndProject
Project("{8BC9CEB8-8B4A-11D0-8D11-00A0C91BC942}") = "Bai021", "Bai021\Bai021.vcxproj", "{2FCBDD8A-4A2F-4B2B-96E3-91ADC5FAEEB7}"
EndProject
Project("{8BC9CEB8-8B4A-11D0-8D11-00A0C91BC942}") = "Bai027", "Bai027\Bai027.vcxproj", "{ED2463C0-F761-4921-ABF5-F1AF9A91824B}"
EndProject
Project("{8BC9CEB8-8B4A-11D0-8D11-00A0C91BC942}") = "Bai033", "Bai033\Bai033.vcxproj", "{87F986B8-81DB-4ED2-BDB7-528934013FAD}"
EndProject
Project("{8BC9CEB8-8B4A-11D0-8D11-00A0C91BC942}") = "Bai039", "Bai039\Bai039.vcxproj", "{BE6BF11C-1DAB-4337-B67B-1974BC408B17}"
EndProject
Project("{8BC9CEB8-8B4A-11D0-8D11-00A0C91BC942}") = "Bai045", "Bai045\Bai045.vcxproj", "{A12175CC-BCBB-4F9C-8149-1FB3298BB712}"
EndProject
Project("{8BC9CEB8-8B4A-11D0-8D11-00A0C91BC942}") = "Bai051", "Bai051\Bai051.vcxproj", "{FF531E78-75CF-4870-BB38-54BE2A7B65CA}"
EndProject
Project("{8BC9CEB8-8B4A-11D0-8D11-00A0C91BC942}") = "Bai057", "Bai057\Bai057.vcxproj", "{CE7C22E7-CCC7-4C85-B615-E1960D2B8E8F}"
EndProject
Project("{8BC9CEB8-8B4A-11D0-8D11-00A0C91BC942}") = "Bai063", "Bai063\Bai063.vcxproj", "{487E6274-872A-430E-9F5E-89C5466ACE14}"
EndProject
Project("{8BC9CEB8-8B4A-11D0-8D11-00A0C91BC942}") = "Bai069", "Bai069\Bai069.vcxproj", "{92F2E672-7E63-4466-80CE-9E7E6D9E38AC}"
EndProject
Project("{8BC9CEB8-8B4A-11D0-8D11-00A0C91BC942}") = "Bai075", "Bai075\Bai075.vcxproj", "{24E9CEE2-6470-43E8-B892-A9797A2307AF}"
EndProject
Project("{8BC9CEB8-8B4A-11D0-8D11-00A0C91BC942}") = "Bai081", "Bai081\Bai081.vcxproj", "{C702A6BF-DE60-4ED5-83B7-422B157DA30C}"
EndProject
Project("{8BC9CEB8-8B4A-11D0-8D11-00A0C91BC942}") = "Bai087", "Bai087\Bai087.vcxproj", "{94C37E6B-17E7-412C-A1D8-DC1B9919B3AA}"
EndProject
Project("{8BC9CEB8-8B4A-11D0-8D11-00A0C91BC942}") = "Bai093", "Bai093\Bai093.vcxproj", "{923CB9A2-6F05-49C3-85C7-03B02CA0B17C}"
EndProject
Project("{8BC9CEB8-8B4A-11D0-8D11-00A0C91BC942}") = "Bai099", "Bai099\Bai099.vcxproj", "{09383FDE-ECAD-40C5-B5E2-23C604668932}"
EndProject
Project("{8BC9CEB8-8B4A-11D0-8D11-00A0C91BC942}") = "Bai105", "Bai105\Bai105.vcxproj", "{127883FA-A94D-44CB-B679-664805D56151}"
EndProject
Project("{8BC9CEB8-8B4A-11D0-8D11-00A0C91BC942}") = "Bai111", "Bai111\Bai111.vcxproj", "{CA40101E-3A44-45FE-820E-141D3420D66B}"
EndProject
Project("{8BC9CEB8-8B4A-11D0-8D11-00A0C91BC942}") = "Bai117", "Bai117\Bai117.vcxproj", "{188B561D-462C-4C5F-9DA5-D99808DE6FF1}"
EndProject
Project("{8BC9CEB8-8B4A-11D0-8D11-00A0C91BC942}") = "Bai123", "Bai123\Bai123.vcxproj", "{9AA96E96-E141-499C-9E73-EC2696106051}"
EndProject
Project("{8BC9CEB8-8B4A-11D0-8D11-00A0C91BC942}") = "Bai129", "Bai129\Bai129.vcxproj", "{67D8695B-C421-4ED9-A621-0B4A0F6E9074}"
EndProject
Project("{8BC9CEB8-8B4A-11D0-8D11-00A0C91BC942}") = "Bai135", "Bai135\Bai135.vcxproj", "{732DE0F7-BB90-4D03-872C-343949BDEE15}"
EndProject
Project("{8BC9CEB8-8B4A-11D0-8D11-00A0C91BC942}") = "Bai141", "Bai141\Bai141.vcxproj", "{6A39D0C1-EB75-40C6-ACB3-49A37517F8DC}"
EndProject
Project("{8BC9CEB8-8B4A-11D0-8D11-00A0C91BC942}") = "Bai147", "Bai147\Bai147.vcxproj", "{CC144EB0-534D-46F5-9069-C16AA7179F97}"
EndProject
Project("{8BC9CEB8-8B4A-11D0-8D11-00A0C91BC942}") = "Bai153", "Bai153\Bai153.vcxproj", "{3078668F-EFCE-4143-AA5C-72FA2E99FDA9}"
EndProject
Project("{8BC9CEB8-8B4A-11D0-8D11-00A0C91BC942}") = "Bai159", "Bai159\Bai159.vcxproj", "{60ADCCA4-905C-48DB-BC05-EE5A7A237BC9}"
EndProject
Project("{8BC9CEB8-8B4A-11D0-8D11-00A0C91BC942}") = "Bai165", "Bai165\Bai165.vcxproj", "{FB208B5B-8F03-4631-A6EA-2311FFAF6091}"
EndProject
Project("{8BC9CEB8-8B4A-11D0-8D11-00A0C91BC942}") = "Bai171", "Bai171\Bai171.vcxproj", "{F820FBAB-86E9-4263-8133-2F5D99E32F37}"
EndProject
Project("{8BC9CEB8-8B4A-11D0-8D11-00A0C91BC942}") = "Bai177", "Bai177\Bai177.vcxproj", "{219EF884-5E28-4F63-B29C-913AC94E5EC0}"
EndProject
Project("{8BC9CEB8-8B4A-11D0-8D11-00A0C91BC942}") = "Bai183", "Bai183\Bai183.vcxproj", "{C58573CF-3956-4DB5-8869-6EBE4ECB262A}"
EndProject
Project("{8BC9CEB8-8B4A-11D0-8D11-00A0C91BC942}") = "Bai007", "Bai007\Bai007.vcxproj", "{11C5FB6E-EE46-4BC2-A825-6279DC4E9D86}"
EndProject
Project("{8BC9CEB8-8B4A-11D0-8D11-00A0C91BC942}") = "Bai013", "Bai013\Bai013.vcxproj", "{78461E1B-6732-4B2C-A897-3D9B390E3A62}"
EndProject
Project("{8BC9CEB8-8B4A-11D0-8D11-00A0C91BC942}") = "Bai005", "Bai005\Bai005.vcxproj", "{A4A0D41B-EF9A-4389-9ED0-EA0202F4BF33}"
EndProject
Project("{8BC9CEB8-8B4A-11D0-8D11-00A0C91BC942}") = "Bai011", "Bai011\Bai011.vcxproj", "{F7B39515-6FD6-438C-A86F-06AAEED41B2A}"
EndProject
Project("{8BC9CEB8-8B4A-11D0-8D11-00A0C91BC942}") = "Bai017", "Bai017\Bai017.vcxproj", "{27BDFC61-10B2-42C5-8FC9-F82ECC5088C9}"
EndProject
Project("{8BC9CEB8-8B4A-11D0-8D11-00A0C91BC942}") = "Bai023", "Bai023\Bai023.vcxproj", "{830EFA8F-149E-430B-9C0C-BAE289A74DD6}"
EndProject
Project("{8BC9CEB8-8B4A-11D0-8D11-00A0C91BC942}") = "Bai029", "Bai029\Bai029.vcxproj", "{D6E69989-5C1C-486C-95DF-44F1D6EAD270}"
EndProject
Project("{8BC9CEB8-8B4A-11D0-8D11-00A0C91BC942}") = "Bai035", "Bai035\Bai035.vcxproj", "{AD0B5458-8ADA-4FF4-AA41-B3E107E2FCB1}"
EndProject
Project("{8BC9CEB8-8B4A-11D0-8D11-00A0C91BC942}") = "Bai041", "Bai041\Bai041.vcxproj", "{29D19642-3FCD-416F-846C-3AB12E580953}"
EndProject
Project("{8BC9CEB8-8B4A-11D0-8D11-00A0C91BC942}") = "Bai053", "Bai053\Bai053.vcxproj", "{00E162B4-11B1-4B80-B83A-ADC792D15ECB}"
EndProject
Project("{8BC9CEB8-8B4A-11D0-8D11-00A0C91BC942}") = "Bai047", "Bai047\Bai047.vcxproj", "{26186339-FBFC-4CA8-93F9-8CF84B61DD25}"
EndProject
Project("{8BC9CEB8-8B4A-11D0-8D11-00A0C91BC942}") = "Bai059", "Bai059\Bai059.vcxproj", "{B99400CB-3E30-4657-8367-D7124F27DB2E}"
EndProject
Project("{8BC9CEB8-8B4A-11D0-8D11-00A0C91BC942}") = "Bai065", "Bai065\Bai065.vcxproj", "{684646D5-A0AD-4C68-A391-54CB6E313419}"
EndProject
Project("{8BC9CEB8-8B4A-11D0-8D11-00A0C91BC942}") = "Bai071", "Bai071\Bai071.vcxproj", "{6BD22323-8734-4C30-8B24-CB96ACE58EA8}"
EndProject
Project("{8BC9CEB8-8B4A-11D0-8D11-00A0C91BC942}") = "Bai077", "Bai077\Bai077.vcxproj", "{22BF0C2E-8B24-407A-970E-5EF845188024}"
EndProject
Project("{8BC9CEB8-8B4A-11D0-8D11-00A0C91BC942}") = "Bai083", "Bai083\Bai083.vcxproj", "{9FEA7E8F-4594-45F6-AB70-E50BAB4A1017}"
EndProject
Project("{8BC9CEB8-8B4A-11D0-8D11-00A0C91BC942}") = "Bai031", "Bai031\Bai031.vcxproj", "{F59B585E-B2D1-4568-8E85-517445B56CA4}"
EndProject
Project("{8BC9CEB8-8B4A-11D0-8D11-00A0C91BC942}") = "Bai025", "Bai025\Bai025.vcxproj", "{4DD4CA61-72A8-442E-B6AA-20ECFF250A5F}"
EndProject
Project("{8BC9CEB8-8B4A-11D0-8D11-00A0C91BC942}") = "Bai037", "Bai037\Bai037.vcxproj", "{EA9EB824-292E-4B32-9E43-F494FD033F46}"
EndProject
Project("{8BC9CEB8-8B4A-11D0-8D11-00A0C91BC942}") = "Bai043", "Bai043\Bai043.vcxproj", "{E4F29845-78F3-4BAB-9137-39AE7FCA5BB9}"
EndProject
Project("{8BC9CEB8-8B4A-11D0-8D11-00A0C91BC942}") = "Bai049", "Bai049\Bai049.vcxproj", "{B43BE10E-D31F-4179-BC87-8C57EE0F7066}"
EndProject
Project("{8BC9CEB8-8B4A-11D0-8D11-00A0C91BC942}") = "Bai055", "Bai055\Bai055.vcxproj", "{7C30A2FC-4FC0-4FDE-B2E9-0527E606891B}"
EndProject
Project("{8BC9CEB8-8B4A-11D0-8D11-00A0C91BC942}") = "Bai061", "Bai061\Bai061.vcxproj", "{04DA7EBF-385A-4FF9-A742-43176DB52FBF}"
EndProject
Project("{8BC9CEB8-8B4A-11D0-8D11-00A0C91BC942}") = "Bai006", "Bai006\Bai006.vcxproj", "{0370DE7F-E8F4-437C-861F-8B444BF25670}"
EndProject
Project("{8BC9CEB8-8B4A-11D0-8D11-00A0C91BC942}") = "Bai012", "Bai012\Bai012.vcxproj", "{958EF64E-9728-46E3-BAF7-66D7D58DD06B}"
EndProject
Project("{8BC9CEB8-8B4A-11D0-8D11-00A0C91BC942}") = "Bai018", "Bai018\Bai018.vcxproj", "{D6A95650-813B-49A8-9AA8-C00D4853C482}"
EndProject
Project("{8BC9CEB8-8B4A-11D0-8D11-00A0C91BC942}") = "Bai024", "Bai024\Bai024.vcxproj", "{5F63BD5F-A4D3-47C2-882C-064EEA44DB70}"
EndProject
Project("{8BC9CEB8-8B4A-11D0-8D11-00A0C91BC942}") = "Bai030", "Bai030\Bai030.vcxproj", "{62954B59-AEC9-4DA0-9309-0F921837C96F}"
EndProject
Project("{8BC9CEB8-8B4A-11D0-8D11-00A0C91BC942}") = "Bai036", "Bai036\Bai036.vcxproj", "{9376BF83-D712-4ADB-8437-B327E2112A08}"
EndProject
Project("{8BC9CEB8-8B4A-11D0-8D11-00A0C91BC942}") = "Bai042", "Bai042\Bai042.vcxproj", "{F2F9E136-FB84-4AC1-BE03-637CF2B97CEC}"
EndProject
Project("{8BC9CEB8-8B4A-11D0-8D11-00A0C91BC942}") = "Bai048", "Bai048\Bai048.vcxproj", "{F0EF8548-91CB-49F4-9DC6-BA3582FAB18F}"
EndProject
Project("{8BC9CEB8-8B4A-11D0-8D11-00A0C91BC942}") = "Bai054", "Bai054\Bai054.vcxproj", "{04E3F871-106F-4D20-925F-AC8D2D4AA4A6}"
EndProject
Global
	GlobalSection(SolutionConfigurationPlatforms) = preSolution
		Debug|x64 = Debug|x64
		Debug|x86 = Debug|x86
		Release|x64 = Release|x64
		Release|x86 = Release|x86
	EndGlobalSection
	GlobalSection(ProjectConfigurationPlatforms) = postSolution
		{9240E471-7DCD-41E3-9121-6E0C312D43A0}.Debug|x64.ActiveCfg = Debug|x64
		{9240E471-7DCD-41E3-9121-6E0C312D43A0}.Debug|x64.Build.0 = Debug|x64
		{9240E471-7DCD-41E3-9121-6E0C312D43A0}.Debug|x86.ActiveCfg = Debug|Win32
		{9240E471-7DCD-41E3-9121-6E0C312D43A0}.Debug|x86.Build.0 = Debug|Win32
		{9240E471-7DCD-41E3-9121-6E0C312D43A0}.Release|x64.ActiveCfg = Release|x64
		{9240E471-7DCD-41E3-9121-6E0C312D43A0}.Release|x64.Build.0 = Release|x64
		{9240E471-7DCD-41E3-9121-6E0C312D43A0}.Release|x86.ActiveCfg = Release|Win32
		{9240E471-7DCD-41E3-9121-6E0C312D43A0}.Release|x86.Build.0 = Release|Win32
		{802648ED-BE3C-4641-8CD8-E97404EA03D1}.Debug|x64.ActiveCfg = Debug|x64
		{802648ED-BE3C-4641-8CD8-E97404EA03D1}.Debug|x64.Build.0 = Debug|x64
		{802648ED-BE3C-4641-8CD8-E97404EA03D1}.Debug|x86.ActiveCfg = Debug|Win32
		{802648ED-BE3C-4641-8CD8-E97404EA03D1}.Debug|x86.Build.0 = Debug|Win32
		{802648ED-BE3C-4641-8CD8-E97404EA03D1}.Release|x64.ActiveCfg = Release|x64
		{802648ED-BE3C-4641-8CD8-E97404EA03D1}.Release|x64.Build.0 = Release|x64
		{802648ED-BE3C-4641-8CD8-E97404EA03D1}.Release|x86.ActiveCfg = Release|Win32
		{802648ED-BE3C-4641-8CD8-E97404EA03D1}.Release|x86.Build.0 = Release|Win32
		{CA8360F1-614C-4290-AF2D-A796AEAD6381}.Debug|x64.ActiveCfg = Debug|x64
		{CA8360F1-614C-4290-AF2D-A796AEAD6381}.Debug|x64.Build.0 = Debug|x64
		{CA8360F1-614C-4290-AF2D-A796AEAD6381}.Debug|x86.ActiveCfg = Debug|Win32
		{CA8360F1-614C-4290-AF2D-A796AEAD6381}.Debug|x86.Build.0 = Debug|Win32
		{CA8360F1-614C-4290-AF2D-A796AEAD6381}.Release|x64.ActiveCfg = Release|x64
		{CA8360F1-614C-4290-AF2D-A796AEAD6381}.Release|x64.Build.0 = Release|x64
		{CA8360F1-614C-4290-AF2D-A796AEAD6381}.Release|x86.ActiveCfg = Release|Win32
		{CA8360F1-614C-4290-AF2D-A796AEAD6381}.Release|x86.Build.0 = Release|Win32
		{EB46F99A-E85B-47CB-BA6E-0791F6927376}.Debug|x64.ActiveCfg = Debug|x64
		{EB46F99A-E85B-47CB-BA6E-0791F6927376}.Debug|x64.Build.0 = Debug|x64
		{EB46F99A-E85B-47CB-BA6E-0791F6927376}.Debug|x86.ActiveCfg = Debug|Win32
		{EB46F99A-E85B-47CB-BA6E-0791F6927376}.Debug|x86.Build.0 = Debug|Win32
		{EB46F99A-E85B-47CB-BA6E-0791F6927376}.Release|x64.ActiveCfg = Release|x64
		{EB46F99A-E85B-47CB-BA6E-0791F6927376}.Release|x64.Build.0 = Release|x64
		{EB46F99A-E85B-47CB-BA6E-0791F6927376}.Release|x86.ActiveCfg = Release|Win32
		{EB46F99A-E85B-47CB-BA6E-0791F6927376}.Release|x86.Build.0 = Release|Win32
		{2FCBDD8A-4A2F-4B2B-96E3-91ADC5FAEEB7}.Debug|x64.ActiveCfg = Debug|x64
		{2FCBDD8A-4A2F-4B2B-96E3-91ADC5FAEEB7}.Debug|x64.Build.0 = Debug|x64
		{2FCBDD8A-4A2F-4B2B-96E3-91ADC5FAEEB7}.Debug|x86.ActiveCfg = Debug|Win32
		{2FCBDD8A-4A2F-4B2B-96E3-91ADC5FAEEB7}.Debug|x86.Build.0 = Debug|Win32
		{2FCBDD8A-4A2F-4B2B-96E3-91ADC5FAEEB7}.Release|x64.ActiveCfg = Release|x64
		{2FCBDD8A-4A2F-4B2B-96E3-91ADC5FAEEB7}.Release|x64.Build.0 = Release|x64
		{2FCBDD8A-4A2F-4B2B-96E3-91ADC5FAEEB7}.Release|x86.ActiveCfg = Release|Win32
		{2FCBDD8A-4A2F-4B2B-96E3-91ADC5FAEEB7}.Release|x86.Build.0 = Release|Win32
		{ED2463C0-F761-4921-ABF5-F1AF9A91824B}.Debug|x64.ActiveCfg = Debug|x64
		{ED2463C0-F761-4921-ABF5-F1AF9A91824B}.Debug|x64.Build.0 = Debug|x64
		{ED2463C0-F761-4921-ABF5-F1AF9A91824B}.Debug|x86.ActiveCfg = Debug|Win32
		{ED2463C0-F761-4921-ABF5-F1AF9A91824B}.Debug|x86.Build.0 = Debug|Win32
		{ED2463C0-F761-4921-ABF5-F1AF9A91824B}.Release|x64.ActiveCfg = Release|x64
		{ED2463C0-F761-4921-ABF5-F1AF9A91824B}.Release|x64.Build.0 = Release|x64
		{ED2463C0-F761-4921-ABF5-F1AF9A91824B}.Release|x86.ActiveCfg = Release|Win32
		{ED2463C0-F761-4921-ABF5-F1AF9A91824B}.Release|x86.Build.0 = Release|Win32
		{87F986B8-81DB-4ED2-BDB7-528934013FAD}.Debug|x64.ActiveCfg = Debug|x64
		{87F986B8-81DB-4ED2-BDB7-528934013FAD}.Debug|x64.Build.0 = Debug|x64
		{87F986B8-81DB-4ED2-BDB7-528934013FAD}.Debug|x86.ActiveCfg = Debug|Win32
		{87F986B8-81DB-4ED2-BDB7-528934013FAD}.Debug|x86.Build.0 = Debug|Win32
		{87F986B8-81DB-4ED2-BDB7-528934013FAD}.Release|x64.ActiveCfg = Release|x64
		{87F986B8-81DB-4ED2-BDB7-528934013FAD}.Release|x64.Build.0 = Release|x64
		{87F986B8-81DB-4ED2-BDB7-528934013FAD}.Release|x86.ActiveCfg = Release|Win32
		{87F986B8-81DB-4ED2-BDB7-528934013FAD}.Release|x86.Build.0 = Release|Win32
		{BE6BF11C-1DAB-4337-B67B-1974BC408B17}.Debug|x64.ActiveCfg = Debug|x64
		{BE6BF11C-1DAB-4337-B67B-1974BC408B17}.Debug|x64.Build.0 = Debug|x64
		{BE6BF11C-1DAB-4337-B67B-1974BC408B17}.Debug|x86.ActiveCfg = Debug|Win32
		{BE6BF11C-1DAB-4337-B67B-1974BC408B17}.Debug|x86.Build.0 = Debug|Win32
		{BE6BF11C-1DAB-4337-B67B-1974BC408B17}.Release|x64.ActiveCfg = Release|x64
		{BE6BF11C-1DAB-4337-B67B-1974BC408B17}.Release|x64.Build.0 = Release|x64
		{BE6BF11C-1DAB-4337-B67B-1974BC408B17}.Release|x86.ActiveCfg = Release|Win32
		{BE6BF11C-1DAB-4337-B67B-1974BC408B17}.Release|x86.Build.0 = Release|Win32
		{A12175CC-BCBB-4F9C-8149-1FB3298BB712}.Debug|x64.ActiveCfg = Debug|x64
		{A12175CC-BCBB-4F9C-8149-1FB3298BB712}.Debug|x64.Build.0 = Debug|x64
		{A12175CC-BCBB-4F9C-8149-1FB3298BB712}.Debug|x86.ActiveCfg = Debug|Win32
		{A12175CC-BCBB-4F9C-8149-1FB3298BB712}.Debug|x86.Build.0 = Debug|Win32
		{A12175CC-BCBB-4F9C-8149-1FB3298BB712}.Release|x64.ActiveCfg = Release|x64
		{A12175CC-BCBB-4F9C-8149-1FB3298BB712}.Release|x64.Build.0 = Release|x64
		{A12175CC-BCBB-4F9C-8149-1FB3298BB712}.Release|x86.ActiveCfg = Release|Win32
		{A12175CC-BCBB-4F9C-8149-1FB3298BB712}.Release|x86.Build.0 = Release|Win32
		{FF531E78-75CF-4870-BB38-54BE2A7B65CA}.Debug|x64.ActiveCfg = Debug|x64
		{FF531E78-75CF-4870-BB38-54BE2A7B65CA}.Debug|x64.Build.0 = Debug|x64
		{FF531E78-75CF-4870-BB38-54BE2A7B65CA}.Debug|x86.ActiveCfg = Debug|Win32
		{FF531E78-75CF-4870-BB38-54BE2A7B65CA}.Debug|x86.Build.0 = Debug|Win32
		{FF531E78-75CF-4870-BB38-54BE2A7B65CA}.Release|x64.ActiveCfg = Release|x64
		{FF531E78-75CF-4870-BB38-54BE2A7B65CA}.Release|x64.Build.0 = Release|x64
		{FF531E78-75CF-4870-BB38-54BE2A7B65CA}.Release|x86.ActiveCfg = Release|Win32
		{FF531E78-75CF-4870-BB38-54BE2A7B65CA}.Release|x86.Build.0 = Release|Win32
		{CE7C22E7-CCC7-4C85-B615-E1960D2B8E8F}.Debug|x64.ActiveCfg = Debug|x64
		{CE7C22E7-CCC7-4C85-B615-E1960D2B8E8F}.Debug|x64.Build.0 = Debug|x64
		{CE7C22E7-CCC7-4C85-B615-E1960D2B8E8F}.Debug|x86.ActiveCfg = Debug|Win32
		{CE7C22E7-CCC7-4C85-B615-E1960D2B8E8F}.Debug|x86.Build.0 = Debug|Win32
		{CE7C22E7-CCC7-4C85-B615-E1960D2B8E8F}.Release|x64.ActiveCfg = Release|x64
		{CE7C22E7-CCC7-4C85-B615-E1960D2B8E8F}.Release|x64.Build.0 = Release|x64
		{CE7C22E7-CCC7-4C85-B615-E1960D2B8E8F}.Release|x86.ActiveCfg = Release|Win32
		{CE7C22E7-CCC7-4C85-B615-E1960D2B8E8F}.Release|x86.Build.0 = Release|Win32
		{487E6274-872A-430E-9F5E-89C5466ACE14}.Debug|x64.ActiveCfg = Debug|x64
		{487E6274-872A-430E-9F5E-89C5466ACE14}.Debug|x64.Build.0 = Debug|x64
		{487E6274-872A-430E-9F5E-89C5466ACE14}.Debug|x86.ActiveCfg = Debug|Win32
		{487E6274-872A-430E-9F5E-89C5466ACE14}.Debug|x86.Build.0 = Debug|Win32
		{487E6274-872A-430E-9F5E-89C5466ACE14}.Release|x64.ActiveCfg = Release|x64
		{487E6274-872A-430E-9F5E-89C5466ACE14}.Release|x64.Build.0 = Release|x64
		{487E6274-872A-430E-9F5E-89C5466ACE14}.Release|x86.ActiveCfg = Release|Win32
		{487E6274-872A-430E-9F5E-89C5466ACE14}.Release|x86.Build.0 = Release|Win32
		{92F2E672-7E63-4466-80CE-9E7E6D9E38AC}.Debug|x64.ActiveCfg = Debug|x64
		{92F2E672-7E63-4466-80CE-9E7E6D9E38AC}.Debug|x64.Build.0 = Debug|x64
		{92F2E672-7E63-4466-80CE-9E7E6D9E38AC}.Debug|x86.ActiveCfg = Debug|Win32
		{92F2E672-7E63-4466-80CE-9E7E6D9E38AC}.Debug|x86.Build.0 = Debug|Win32
		{92F2E672-7E63-4466-80CE-9E7E6D9E38AC}.Release|x64.ActiveCfg = Release|x64
		{92F2E672-7E63-4466-80CE-9E7E6D9E38AC}.Release|x64.Build.0 = Release|x64
		{92F2E672-7E63-4466-80CE-9E7E6D9E38AC}.Release|x86.ActiveCfg = Release|Win32
		{92F2E672-7E63-4466-80CE-9E7E6D9E38AC}.Release|x86.Build.0 = Release|Win32
		{24E9CEE2-6470-43E8-B892-A9797A2307AF}.Debug|x64.ActiveCfg = Debug|x64
		{24E9CEE2-6470-43E8-B892-A9797A2307AF}.Debug|x64.Build.0 = Debug|x64
		{24E9CEE2-6470-43E8-B892-A9797A2307AF}.Debug|x86.ActiveCfg = Debug|Win32
		{24E9CEE2-6470-43E8-B892-A9797A2307AF}.Debug|x86.Build.0 = Debug|Win32
		{24E9CEE2-6470-43E8-B892-A9797A2307AF}.Release|x64.ActiveCfg = Release|x64
		{24E9CEE2-6470-43E8-B892-A9797A2307AF}.Release|x64.Build.0 = Release|x64
		{24E9CEE2-6470-43E8-B892-A9797A2307AF}.Release|x86.ActiveCfg = Release|Win32
		{24E9CEE2-6470-43E8-B892-A9797A2307AF}.Release|x86.Build.0 = Release|Win32
		{C702A6BF-DE60-4ED5-83B7-422B157DA30C}.Debug|x64.ActiveCfg = Debug|x64
		{C702A6BF-DE60-4ED5-83B7-422B157DA30C}.Debug|x64.Build.0 = Debug|x64
		{C702A6BF-DE60-4ED5-83B7-422B157DA30C}.Debug|x86.ActiveCfg = Debug|Win32
		{C702A6BF-DE60-4ED5-83B7-422B157DA30C}.Debug|x86.Build.0 = Debug|Win32
		{C702A6BF-DE60-4ED5-83B7-422B157DA30C}.Release|x64.ActiveCfg = Release|x64
		{C702A6BF-DE60-4ED5-83B7-422B157DA30C}.Release|x64.Build.0 = Release|x64
		{C702A6BF-DE60-4ED5-83B7-422B157DA30C}.Release|x86.ActiveCfg = Release|Win32
		{C702A6BF-DE60-4ED5-83B7-422B157DA30C}.Release|x86.Build.0 = Release|Win32
		{94C37E6B-17E7-412C-A1D8-DC1B9919B3AA}.Debug|x64.ActiveCfg = Debug|x64
		{94C37E6B-17E7-412C-A1D8-DC1B9919B3AA}.Debug|x64.Build.0 = Debug|x64
		{94C37E6B-17E7-412C-A1D8-DC1B9919B3AA}.Debug|x86.ActiveCfg = Debug|Win32
		{94C37E6B-17E7-412C-A1D8-DC1B9919B3AA}.Debug|x86.Build.0 = Debug|Win32
		{94C37E6B-17E7-412C-A1D8-DC1B9919B3AA}.Release|x64.ActiveCfg = Release|x64
		{94C37E6B-17E7-412C-A1D8-DC1B9919B3AA}.Release|x64.Build.0 = Release|x64
		{94C37E6B-17E7-412C-A1D8-DC1B9919B3AA}.Release|x86.ActiveCfg = Release|Win32
		{94C37E6B-17E7-412C-A1D8-DC1B9919B3AA}.Release|x86.Build.0 = Release|Win32
		{923CB9A2-6F05-49C3-85C7-03B02CA0B17C}.Debug|x64.ActiveCfg = Debug|x64
		{923CB9A2-6F05-49C3-85C7-03B02CA0B17C}.Debug|x64.Build.0 = Debug|x64
		{923CB9A2-6F05-49C3-85C7-03B02CA0B17C}.Debug|x86.ActiveCfg = Debug|Win32
		{923CB9A2-6F05-49C3-85C7-03B02CA0B17C}.Debug|x86.Build.0 = Debug|Win32
		{923CB9A2-6F05-49C3-85C7-03B02CA0B17C}.Release|x64.ActiveCfg = Release|x64
		{923CB9A2-6F05-49C3-85C7-03B02CA0B17C}.Release|x64.Build.0 = Release|x64
		{923CB9A2-6F05-49C3-85C7-03B02CA0B17C}.Release|x86.ActiveCfg = Release|Win32
		{923CB9A2-6F05-49C3-85C7-03B02CA0B17C}.Release|x86.Build.0 = Release|Win32
		{09383FDE-ECAD-40C5-B5E2-23C604668932}.Debug|x64.ActiveCfg = Debug|x64
		{09383FDE-ECAD-40C5-B5E2-23C604668932}.Debug|x64.Build.0 = Debug|x64
		{09383FDE-ECAD-40C5-B5E2-23C604668932}.Debug|x86.ActiveCfg = Debug|Win32
		{09383FDE-ECAD-40C5-B5E2-23C604668932}.Debug|x86.Build.0 = Debug|Win32
		{09383FDE-ECAD-40C5-B5E2-23C604668932}.Release|x64.ActiveCfg = Release|x64
		{09383FDE-ECAD-40C5-B5E2-23C604668932}.Release|x64.Build.0 = Release|x64
		{09383FDE-ECAD-40C5-B5E2-23C604668932}.Release|x86.ActiveCfg = Release|Win32
		{09383FDE-ECAD-40C5-B5E2-23C604668932}.Release|x86.Build.0 = Release|Win32
		{127883FA-A94D-44CB-B679-664805D56151}.Debug|x64.ActiveCfg = Debug|x64
		{127883FA-A94D-44CB-B679-664805D56151}.Debug|x64.Build.0 = Debug|x64
		{127883FA-A94D-44CB-B679-664805D56151}.Debug|x86.ActiveCfg = Debug|Win32
		{127883FA-A94D-44CB-B679-664805D56151}.Debug|x86.Build.0 = Debug|Win32
		{127883FA-A94D-44CB-B679-664805D56151}.Release|x64.ActiveCfg = Release|x64
		{127883FA-A94D-44CB-B679-664805D56151}.Release|x64.Build.0 = Release|x64
		{127883FA-A94D-44CB-B679-664805D56151}.Release|x86.ActiveCfg = Release|Win32
		{127883FA-A94D-44CB-B679-664805D56151}.Release|x86.Build.0 = Release|Win32
		{CA40101E-3A44-45FE-820E-141D3420D66B}.Debug|x64.ActiveCfg = Debug|x64
		{CA40101E-3A44-45FE-820E-141D3420D66B}.Debug|x64.Build.0 = Debug|x64
		{CA40101E-3A44-45FE-820E-141D3420D66B}.Debug|x86.ActiveCfg = Debug|Win32
		{CA40101E-3A44-45FE-820E-141D3420D66B}.Debug|x86.Build.0 = Debug|Win32
		{CA40101E-3A44-45FE-820E-141D3420D66B}.Release|x64.ActiveCfg = Release|x64
		{CA40101E-3A44-45FE-820E-141D3420D66B}.Release|x64.Build.0 = Release|x64
		{CA40101E-3A44-45FE-820E-141D3420D66B}.Release|x86.ActiveCfg = Release|Win32
		{CA40101E-3A44-45FE-820E-141D3420D66B}.Release|x86.Build.0 = Release|Win32
		{188B561D-462C-4C5F-9DA5-D99808DE6FF1}.Debug|x64.ActiveCfg = Debug|x64
		{188B561D-462C-4C5F-9DA5-D99808DE6FF1}.Debug|x64.Build.0 = Debug|x64
		{188B561D-462C-4C5F-9DA5-D99808DE6FF1}.Debug|x86.ActiveCfg = Debug|Win32
		{188B561D-462C-4C5F-9DA5-D99808DE6FF1}.Debug|x86.Build.0 = Debug|Win32
		{188B561D-462C-4C5F-9DA5-D99808DE6FF1}.Release|x64.ActiveCfg = Release|x64
		{188B561D-462C-4C5F-9DA5-D99808DE6FF1}.Release|x64.Build.0 = Release|x64
		{188B561D-462C-4C5F-9DA5-D99808DE6FF1}.Release|x86.ActiveCfg = Release|Win32
		{188B561D-462C-4C5F-9DA5-D99808DE6FF1}.Release|x86.Build.0 = Release|Win32
		{9AA96E96-E141-499C-9E73-EC2696106051}.Debug|x64.ActiveCfg = Debug|x64
		{9AA96E96-E141-499C-9E73-EC2696106051}.Debug|x64.Build.0 = Debug|x64
		{9AA96E96-E141-499C-9E73-EC2696106051}.Debug|x86.ActiveCfg = Debug|Win32
		{9AA96E96-E141-499C-9E73-EC2696106051}.Debug|x86.Build.0 = Debug|Win32
		{9AA96E96-E141-499C-9E73-EC2696106051}.Release|x64.ActiveCfg = Release|x64
		{9AA96E96-E141-499C-9E73-EC2696106051}.Release|x64.Build.0 = Release|x64
		{9AA96E96-E141-499C-9E73-EC2696106051}.Release|x86.ActiveCfg = Release|Win32
		{9AA96E96-E141-499C-9E73-EC2696106051}.Release|x86.Build.0 = Release|Win32
		{67D8695B-C421-4ED9-A621-0B4A0F6E9074}.Debug|x64.ActiveCfg = Debug|x64
		{67D8695B-C421-4ED9-A621-0B4A0F6E9074}.Debug|x64.Build.0 = Debug|x64
		{67D8695B-C421-4ED9-A621-0B4A0F6E9074}.Debug|x86.ActiveCfg = Debug|Win32
		{67D8695B-C421-4ED9-A621-0B4A0F6E9074}.Debug|x86.Build.0 = Debug|Win32
		{67D8695B-C421-4ED9-A621-0B4A0F6E9074}.Release|x64.ActiveCfg = Release|x64
		{67D8695B-C421-4ED9-A621-0B4A0F6E9074}.Release|x64.Build.0 = Release|x64
		{67D8695B-C421-4ED9-A621-0B4A0F6E9074}.Release|x86.ActiveCfg = Release|Win32
		{67D8695B-C421-4ED9-A621-0B4A0F6E9074}.Release|x86.Build.0 = Release|Win32
		{732DE0F7-BB90-4D03-872C-343949BDEE15}.Debug|x64.ActiveCfg = Debug|x64
		{732DE0F7-BB90-4D03-872C-343949BDEE15}.Debug|x64.Build.0 = Debug|x64
		{732DE0F7-BB90-4D03-872C-343949BDEE15}.Debug|x86.ActiveCfg = Debug|Win32
		{732DE0F7-BB90-4D03-872C-343949BDEE15}.Debug|x86.Build.0 = Debug|Win32
		{732DE0F7-BB90-4D03-872C-343949BDEE15}.Release|x64.ActiveCfg = Release|x64
		{732DE0F7-BB90-4D03-872C-343949BDEE15}.Release|x64.Build.0 = Release|x64
		{732DE0F7-BB90-4D03-872C-343949BDEE15}.Release|x86.ActiveCfg = Release|Win32
		{732DE0F7-BB90-4D03-872C-343949BDEE15}.Release|x86.Build.0 = Release|Win32
		{6A39D0C1-EB75-40C6-ACB3-49A37517F8DC}.Debug|x64.ActiveCfg = Debug|x64
		{6A39D0C1-EB75-40C6-ACB3-49A37517F8DC}.Debug|x64.Build.0 = Debug|x64
		{6A39D0C1-EB75-40C6-ACB3-49A37517F8DC}.Debug|x86.ActiveCfg = Debug|Win32
		{6A39D0C1-EB75-40C6-ACB3-49A37517F8DC}.Debug|x86.Build.0 = Debug|Win32
		{6A39D0C1-EB75-40C6-ACB3-49A37517F8DC}.Release|x64.ActiveCfg = Release|x64
		{6A39D0C1-EB75-40C6-ACB3-49A37517F8DC}.Release|x64.Build.0 = Release|x64
		{6A39D0C1-EB75-40C6-ACB3-49A37517F8DC}.Release|x86.ActiveCfg = Release|Win32
		{6A39D0C1-EB75-40C6-ACB3-49A37517F8DC}.Release|x86.Build.0 = Release|Win32
		{CC144EB0-534D-46F5-9069-C16AA7179F97}.Debug|x64.ActiveCfg = Debug|x64
		{CC144EB0-534D-46F5-9069-C16AA7179F97}.Debug|x64.Build.0 = Debug|x64
		{CC144EB0-534D-46F5-9069-C16AA7179F97}.Debug|x86.ActiveCfg = Debug|Win32
		{CC144EB0-534D-46F5-9069-C16AA7179F97}.Debug|x86.Build.0 = Debug|Win32
		{CC144EB0-534D-46F5-9069-C16AA7179F97}.Release|x64.ActiveCfg = Release|x64
		{CC144EB0-534D-46F5-9069-C16AA7179F97}.Release|x64.Build.0 = Release|x64
		{CC144EB0-534D-46F5-9069-C16AA7179F97}.Release|x86.ActiveCfg = Release|Win32
		{CC144EB0-534D-46F5-9069-C16AA7179F97}.Release|x86.Build.0 = Release|Win32
		{3078668F-EFCE-4143-AA5C-72FA2E99FDA9}.Debug|x64.ActiveCfg = Debug|x64
		{3078668F-EFCE-4143-AA5C-72FA2E99FDA9}.Debug|x64.Build.0 = Debug|x64
		{3078668F-EFCE-4143-AA5C-72FA2E99FDA9}.Debug|x86.ActiveCfg = Debug|Win32
		{3078668F-EFCE-4143-AA5C-72FA2E99FDA9}.Debug|x86.Build.0 = Debug|Win32
		{3078668F-EFCE-4143-AA5C-72FA2E99FDA9}.Release|x64.ActiveCfg = Release|x64
		{3078668F-EFCE-4143-AA5C-72FA2E99FDA9}.Release|x64.Build.0 = Release|x64
		{3078668F-EFCE-4143-AA5C-72FA2E99FDA9}.Release|x86.ActiveCfg = Release|Win32
		{3078668F-EFCE-4143-AA5C-72FA2E99FDA9}.Release|x86.Build.0 = Release|Win32
		{60ADCCA4-905C-48DB-BC05-EE5A7A237BC9}.Debug|x64.ActiveCfg = Debug|x64
		{60ADCCA4-905C-48DB-BC05-EE5A7A237BC9}.Debug|x64.Build.0 = Debug|x64
		{60ADCCA4-905C-48DB-BC05-EE5A7A237BC9}.Debug|x86.ActiveCfg = Debug|Win32
		{60ADCCA4-905C-48DB-BC05-EE5A7A237BC9}.Debug|x86.Build.0 = Debug|Win32
		{60ADCCA4-905C-48DB-BC05-EE5A7A237BC9}.Release|x64.ActiveCfg = Release|x64
		{60ADCCA4-905C-48DB-BC05-EE5A7A237BC9}.Release|x64.Build.0 = Release|x64
		{60ADCCA4-905C-48DB-BC05-EE5A7A237BC9}.Release|x86.ActiveCfg = Release|Win32
		{60ADCCA4-905C-48DB-BC05-EE5A7A237BC9}.Release|x86.Build.0 = Release|Win32
		{FB208B5B-8F03-4631-A6EA-2311FFAF6091}.Debug|x64.ActiveCfg = Debug|x64
		{FB208B5B-8F03-4631-A6EA-2311FFAF6091}.Debug|x64.Build.0 = Debug|x64
		{FB208B5B-8F03-4631-A6EA-2311FFAF6091}.Debug|x86.ActiveCfg = Debug|Win32
		{FB208B5B-8F03-4631-A6EA-2311FFAF6091}.Debug|x86.Build.0 = Debug|Win32
		{FB208B5B-8F03-4631-A6EA-2311FFAF6091}.Release|x64.ActiveCfg = Release|x64
		{FB208B5B-8F03-4631-A6EA-2311FFAF6091}.Release|x64.Build.0 = Release|x64
		{FB208B5B-8F03-4631-A6EA-2311FFAF6091}.Release|x86.ActiveCfg = Release|Win32
		{FB208B5B-8F03-4631-A6EA-2311FFAF6091}.Release|x86.Build.0 = Release|Win32
		{F820FBAB-86E9-4263-8133-2F5D99E32F37}.Debug|x64.ActiveCfg = Debug|x64
		{F820FBAB-86E9-4263-8133-2F5D99E32F37}.Debug|x64.Build.0 = Debug|x64
		{F820FBAB-86E9-4263-8133-2F5D99E32F37}.Debug|x86.ActiveCfg = Debug|Win32
		{F820FBAB-86E9-4263-8133-2F5D99E32F37}.Debug|x86.Build.0 = Debug|Win32
		{F820FBAB-86E9-4263-8133-2F5D99E32F37}.Release|x64.ActiveCfg = Release|x64
		{F820FBAB-86E9-4263-8133-2F5D99E32F37}.Release|x64.Build.0 = Release|x64
		{F820FBAB-86E9-4263-8133-2F5D99E32F37}.Release|x86.ActiveCfg = Release|Win32
		{F820FBAB-86E9-4263-8133-2F5D99E32F37}.Release|x86.Build.0 = Release|Win32
		{219EF884-5E28-4F63-B29C-913AC94E5EC0}.Debug|x64.ActiveCfg = Debug|x64
		{219EF884-5E28-4F63-B29C-913AC94E5EC0}.Debug|x64.Build.0 = Debug|x64
		{219EF884-5E28-4F63-B29C-913AC94E5EC0}.Debug|x86.ActiveCfg = Debug|Win32
		{219EF884-5E28-4F63-B29C-913AC94E5EC0}.Debug|x86.Build.0 = Debug|Win32
		{219EF884-5E28-4F63-B29C-913AC94E5EC0}.Release|x64.ActiveCfg = Release|x64
		{219EF884-5E28-4F63-B29C-913AC94E5EC0}.Release|x64.Build.0 = Release|x64
		{219EF884-5E28-4F63-B29C-913AC94E5EC0}.Release|x86.ActiveCfg = Release|Win32
		{219EF884-5E28-4F63-B29C-913AC94E5EC0}.Release|x86.Build.0 = Release|Win32
		{C58573CF-3956-4DB5-8869-6EBE4ECB262A}.Debug|x64.ActiveCfg = Debug|x64
		{C58573CF-3956-4DB5-8869-6EBE4ECB262A}.Debug|x64.Build.0 = Debug|x64
		{C58573CF-3956-4DB5-8869-6EBE4ECB262A}.Debug|x86.ActiveCfg = Debug|Win32
		{C58573CF-3956-4DB5-8869-6EBE4ECB262A}.Debug|x86.Build.0 = Debug|Win32
		{C58573CF-3956-4DB5-8869-6EBE4ECB262A}.Release|x64.ActiveCfg = Release|x64
		{C58573CF-3956-4DB5-8869-6EBE4ECB262A}.Release|x64.Build.0 = Release|x64
		{C58573CF-3956-4DB5-8869-6EBE4ECB262A}.Release|x86.ActiveCfg = Release|Win32
		{C58573CF-3956-4DB5-8869-6EBE4ECB262A}.Release|x86.Build.0 = Release|Win32
		{11C5FB6E-EE46-4BC2-A825-6279DC4E9D86}.Debug|x64.ActiveCfg = Debug|x64
		{11C5FB6E-EE46-4BC2-A825-6279DC4E9D86}.Debug|x64.Build.0 = Debug|x64
		{11C5FB6E-EE46-4BC2-A825-6279DC4E9D86}.Debug|x86.ActiveCfg = Debug|Win32
		{11C5FB6E-EE46-4BC2-A825-6279DC4E9D86}.Debug|x86.Build.0 = Debug|Win32
		{11C5FB6E-EE46-4BC2-A825-6279DC4E9D86}.Release|x64.ActiveCfg = Release|x64
		{11C5FB6E-EE46-4BC2-A825-6279DC4E9D86}.Release|x64.Build.0 = Release|x64
		{11C5FB6E-EE46-4BC2-A825-6279DC4E9D86}.Release|x86.ActiveCfg = Release|Win32
		{11C5FB6E-EE46-4BC2-A825-6279DC4E9D86}.Release|x86.Build.0 = Release|Win32
		{78461E1B-6732-4B2C-A897-3D9B390E3A62}.Debug|x64.ActiveCfg = Debug|x64
		{78461E1B-6732-4B2C-A897-3D9B390E3A62}.Debug|x64.Build.0 = Debug|x64
		{78461E1B-6732-4B2C-A897-3D9B390E3A62}.Debug|x86.ActiveCfg = Debug|Win32
		{78461E1B-6732-4B2C-A897-3D9B390E3A62}.Debug|x86.Build.0 = Debug|Win32
		{78461E1B-6732-4B2C-A897-3D9B390E3A62}.Release|x64.ActiveCfg = Release|x64
		{78461E1B-6732-4B2C-A897-3D9B390E3A62}.Release|x64.Build.0 = Release|x64
		{78461E1B-6732-4B2C-A897-3D9B390E3A62}.Release|x86.ActiveCfg = Release|Win32
		{78461E1B-6732-4B2C-A897-3D9B390E3A62}.Release|x86.Build.0 = Release|Win32
		{A4A0D41B-EF9A-4389-9ED0-EA0202F4BF33}.Debug|x64.ActiveCfg = Debug|x64
		{A4A0D41B-EF9A-4389-9ED0-EA0202F4BF33}.Debug|x64.Build.0 = Debug|x64
		{A4A0D41B-EF9A-4389-9ED0-EA0202F4BF33}.Debug|x86.ActiveCfg = Debug|Win32
		{A4A0D41B-EF9A-4389-9ED0-EA0202F4BF33}.Debug|x86.Build.0 = Debug|Win32
		{A4A0D41B-EF9A-4389-9ED0-EA0202F4BF33}.Release|x64.ActiveCfg = Release|x64
		{A4A0D41B-EF9A-4389-9ED0-EA0202F4BF33}.Release|x64.Build.0 = Release|x64
		{A4A0D41B-EF9A-4389-9ED0-EA0202F4BF33}.Release|x86.ActiveCfg = Release|Win32
		{A4A0D41B-EF9A-4389-9ED0-EA0202F4BF33}.Release|x86.Build.0 = Release|Win32
		{F7B39515-6FD6-438C-A86F-06AAEED41B2A}.Debug|x64.ActiveCfg = Debug|x64
		{F7B39515-6FD6-438C-A86F-06AAEED41B2A}.Debug|x64.Build.0 = Debug|x64
		{F7B39515-6FD6-438C-A86F-06AAEED41B2A}.Debug|x86.ActiveCfg = Debug|Win32
		{F7B39515-6FD6-438C-A86F-06AAEED41B2A}.Debug|x86.Build.0 = Debug|Win32
		{F7B39515-6FD6-438C-A86F-06AAEED41B2A}.Release|x64.ActiveCfg = Release|x64
		{F7B39515-6FD6-438C-A86F-06AAEED41B2A}.Release|x64.Build.0 = Release|x64
		{F7B39515-6FD6-438C-A86F-06AAEED41B2A}.Release|x86.ActiveCfg = Release|Win32
		{F7B39515-6FD6-438C-A86F-06AAEED41B2A}.Release|x86.Build.0 = Release|Win32
		{27BDFC61-10B2-42C5-8FC9-F82ECC5088C9}.Debug|x64.ActiveCfg = Debug|x64
		{27BDFC61-10B2-42C5-8FC9-F82ECC5088C9}.Debug|x64.Build.0 = Debug|x64
		{27BDFC61-10B2-42C5-8FC9-F82ECC5088C9}.Debug|x86.ActiveCfg = Debug|Win32
		{27BDFC61-10B2-42C5-8FC9-F82ECC5088C9}.Debug|x86.Build.0 = Debug|Win32
		{27BDFC61-10B2-42C5-8FC9-F82ECC5088C9}.Release|x64.ActiveCfg = Release|x64
		{27BDFC61-10B2-42C5-8FC9-F82ECC5088C9}.Release|x64.Build.0 = Release|x64
		{27BDFC61-10B2-42C5-8FC9-F82ECC5088C9}.Release|x86.ActiveCfg = Release|Win32
		{27BDFC61-10B2-42C5-8FC9-F82ECC5088C9}.Release|x86.Build.0 = Release|Win32
		{830EFA8F-149E-430B-9C0C-BAE289A74DD6}.Debug|x64.ActiveCfg = Debug|x64
		{830EFA8F-149E-430B-9C0C-BAE289A74DD6}.Debug|x64.Build.0 = Debug|x64
		{830EFA8F-149E-430B-9C0C-BAE289A74DD6}.Debug|x86.ActiveCfg = Debug|Win32
		{830EFA8F-149E-430B-9C0C-BAE289A74DD6}.Debug|x86.Build.0 = Debug|Win32
		{830EFA8F-149E-430B-9C0C-BAE289A74DD6}.Release|x64.ActiveCfg = Release|x64
		{830EFA8F-149E-430B-9C0C-BAE289A74DD6}.Release|x64.Build.0 = Release|x64
		{830EFA8F-149E-430B-9C0C-BAE289A74DD6}.Release|x86.ActiveCfg = Release|Win32
		{830EFA8F-149E-430B-9C0C-BAE289A74DD6}.Release|x86.Build.0 = Release|Win32
		{D6E69989-5C1C-486C-95DF-44F1D6EAD270}.Debug|x64.ActiveCfg = Debug|x64
		{D6E69989-5C1C-486C-95DF-44F1D6EAD270}.Debug|x64.Build.0 = Debug|x64
		{D6E69989-5C1C-486C-95DF-44F1D6EAD270}.Debug|x86.ActiveCfg = Debug|Win32
		{D6E69989-5C1C-486C-95DF-44F1D6EAD270}.Debug|x86.Build.0 = Debug|Win32
		{D6E69989-5C1C-486C-95DF-44F1D6EAD270}.Release|x64.ActiveCfg = Release|x64
		{D6E69989-5C1C-486C-95DF-44F1D6EAD270}.Release|x64.Build.0 = Release|x64
		{D6E69989-5C1C-486C-95DF-44F1D6EAD270}.Release|x86.ActiveCfg = Release|Win32
		{D6E69989-5C1C-486C-95DF-44F1D6EAD270}.Release|x86.Build.0 = Release|Win32
		{AD0B5458-8ADA-4FF4-AA41-B3E107E2FCB1}.Debug|x64.ActiveCfg = Debug|x64
		{AD0B5458-8ADA-4FF4-AA41-B3E107E2FCB1}.Debug|x64.Build.0 = Debug|x64
		{AD0B5458-8ADA-4FF4-AA41-B3E107E2FCB1}.Debug|x86.ActiveCfg = Debug|Win32
		{AD0B5458-8ADA-4FF4-AA41-B3E107E2FCB1}.Debug|x86.Build.0 = Debug|Win32
		{AD0B5458-8ADA-4FF4-AA41-B3E107E2FCB1}.Release|x64.ActiveCfg = Release|x64
		{AD0B5458-8ADA-4FF4-AA41-B3E107E2FCB1}.Release|x64.Build.0 = Release|x64
		{AD0B5458-8ADA-4FF4-AA41-B3E107E2FCB1}.Release|x86.ActiveCfg = Release|Win32
		{AD0B5458-8ADA-4FF4-AA41-B3E107E2FCB1}.Release|x86.Build.0 = Release|Win32
		{29D19642-3FCD-416F-846C-3AB12E580953}.Debug|x64.ActiveCfg = Debug|x64
		{29D19642-3FCD-416F-846C-3AB12E580953}.Debug|x64.Build.0 = Debug|x64
		{29D19642-3FCD-416F-846C-3AB12E580953}.Debug|x86.ActiveCfg = Debug|Win32
		{29D19642-3FCD-416F-846C-3AB12E580953}.Debug|x86.Build.0 = Debug|Win32
		{29D19642-3FCD-416F-846C-3AB12E580953}.Release|x64.ActiveCfg = Release|x64
		{29D19642-3FCD-416F-846C-3AB12E580953}.Release|x64.Build.0 = Release|x64
		{29D19642-3FCD-416F-846C-3AB12E580953}.Release|x86.ActiveCfg = Release|Win32
		{29D19642-3FCD-416F-846C-3AB12E580953}.Release|x86.Build.0 = Release|Win32
		{00E162B4-11B1-4B80-B83A-ADC792D15ECB}.Debug|x64.ActiveCfg = Debug|x64
		{00E162B4-11B1-4B80-B83A-ADC792D15ECB}.Debug|x64.Build.0 = Debug|x64
		{00E162B4-11B1-4B80-B83A-ADC792D15ECB}.Debug|x86.ActiveCfg = Debug|Win32
		{00E162B4-11B1-4B80-B83A-ADC792D15ECB}.Debug|x86.Build.0 = Debug|Win32
		{00E162B4-11B1-4B80-B83A-ADC792D15ECB}.Release|x64.ActiveCfg = Release|x64
		{00E162B4-11B1-4B80-B83A-ADC792D15ECB}.Release|x64.Build.0 = Release|x64
		{00E162B4-11B1-4B80-B83A-ADC792D15ECB}.Release|x86.ActiveCfg = Release|Win32
		{00E162B4-11B1-4B80-B83A-ADC792D15ECB}.Release|x86.Build.0 = Release|Win32
		{26186339-FBFC-4CA8-93F9-8CF84B61DD25}.Debug|x64.ActiveCfg = Debug|x64
		{26186339-FBFC-4CA8-93F9-8CF84B61DD25}.Debug|x64.Build.0 = Debug|x64
		{26186339-FBFC-4CA8-93F9-8CF84B61DD25}.Debug|x86.ActiveCfg = Debug|Win32
		{26186339-FBFC-4CA8-93F9-8CF84B61DD25}.Debug|x86.Build.0 = Debug|Win32
		{26186339-FBFC-4CA8-93F9-8CF84B61DD25}.Release|x64.ActiveCfg = Release|x64
		{26186339-FBFC-4CA8-93F9-8CF84B61DD25}.Release|x64.Build.0 = Release|x64
		{26186339-FBFC-4CA8-93F9-8CF84B61DD25}.Release|x86.ActiveCfg = Release|Win32
		{26186339-FBFC-4CA8-93F9-8CF84B61DD25}.Release|x86.Build.0 = Release|Win32
		{B99400CB-3E30-4657-8367-D7124F27DB2E}.Debug|x64.ActiveCfg = Debug|x64
		{B99400CB-3E30-4657-8367-D7124F27DB2E}.Debug|x64.Build.0 = Debug|x64
		{B99400CB-3E30-4657-8367-D7124F27DB2E}.Debug|x86.ActiveCfg = Debug|Win32
		{B99400CB-3E30-4657-8367-D7124F27DB2E}.Debug|x86.Build.0 = Debug|Win32
		{B99400CB-3E30-4657-8367-D7124F27DB2E}.Release|x64.ActiveCfg = Release|x64
		{B99400CB-3E30-4657-8367-D7124F27DB2E}.Release|x64.Build.0 = Release|x64
		{B99400CB-3E30-4657-8367-D7124F27DB2E}.Release|x86.ActiveCfg = Release|Win32
		{B99400CB-3E30-4657-8367-D7124F27DB2E}.Release|x86.Build.0 = Release|Win32
		{684646D5-A0AD-4C68-A391-54CB6E313419}.Debug|x64.ActiveCfg = Debug|x64
		{684646D5-A0AD-4C68-A391-54CB6E313419}.Debug|x64.Build.0 = Debug|x64
		{684646D5-A0AD-4C68-A391-54CB6E313419}.Debug|x86.ActiveCfg = Debug|Win32
		{684646D5-A0AD-4C68-A391-54CB6E313419}.Debug|x86.Build.0 = Debug|Win32
		{684646D5-A0AD-4C68-A391-54CB6E313419}.Release|x64.ActiveCfg = Release|x64
		{684646D5-A0AD-4C68-A391-54CB6E313419}.Release|x64.Build.0 = Release|x64
		{684646D5-A0AD-4C68-A391-54CB6E313419}.Release|x86.ActiveCfg = Release|Win32
		{684646D5-A0AD-4C68-A391-54CB6E313419}.Release|x86.Build.0 = Release|Win32
		{6BD22323-8734-4C30-8B24-CB96ACE58EA8}.Debug|x64.ActiveCfg = Debug|x64
		{6BD22323-8734-4C30-8B24-CB96ACE58EA8}.Debug|x64.Build.0 = Debug|x64
		{6BD22323-8734-4C30-8B24-CB96ACE58EA8}.Debug|x86.ActiveCfg = Debug|Win32
		{6BD22323-8734-4C30-8B24-CB96ACE58EA8}.Debug|x86.Build.0 = Debug|Win32
		{6BD22323-8734-4C30-8B24-CB96ACE58EA8}.Release|x64.ActiveCfg = Release|x64
		{6BD22323-8734-4C30-8B24-CB96ACE58EA8}.Release|x64.Build.0 = Release|x64
		{6BD22323-8734-4C30-8B24-CB96ACE58EA8}.Release|x86.ActiveCfg = Release|Win32
		{6BD22323-8734-4C30-8B24-CB96ACE58EA8}.Release|x86.Build.0 = Release|Win32
		{22BF0C2E-8B24-407A-970E-5EF845188024}.Debug|x64.ActiveCfg = Debug|x64
		{22BF0C2E-8B24-407A-970E-5EF845188024}.Debug|x64.Build.0 = Debug|x64
		{22BF0C2E-8B24-407A-970E-5EF845188024}.Debug|x86.ActiveCfg = Debug|Win32
		{22BF0C2E-8B24-407A-970E-5EF845188024}.Debug|x86.Build.0 = Debug|Win32
		{22BF0C2E-8B24-407A-970E-5EF845188024}.Release|x64.ActiveCfg = Release|x64
		{22BF0C2E-8B24-407A-970E-5EF845188024}.Release|x64.Build.0 = Release|x64
		{22BF0C2E-8B24-407A-970E-5EF845188024}.Release|x86.ActiveCfg = Release|Win32
		{22BF0C2E-8B24-407A-970E-5EF845188024}.Release|x86.Build.0 = Release|Win32
		{9FEA7E8F-4594-45F6-AB70-E50BAB4A1017}.Debug|x64.ActiveCfg = Debug|x64
		{9FEA7E8F-4594-45F6-AB70-E50BAB4A1017}.Debug|x64.Build.0 = Debug|x64
		{9FEA7E8F-4594-45F6-AB70-E50BAB4A1017}.Debug|x86.ActiveCfg = Debug|Win32
		{9FEA7E8F-4594-45F6-AB70-E50BAB4A1017}.Debug|x86.Build.0 = Debug|Win32
		{9FEA7E8F-4594-45F6-AB70-E50BAB4A1017}.Release|x64.ActiveCfg = Release|x64
		{9FEA7E8F-4594-45F6-AB70-E50BAB4A1017}.Release|x64.Build.0 = Release|x64
		{9FEA7E8F-4594-45F6-AB70-E50BAB4A1017}.Release|x86.ActiveCfg = Release|Win32
		{9FEA7E8F-4594-45F6-AB70-E50BAB4A1017}.Release|x86.Build.0 = Release|Win32
		{F59B585E-B2D1-4568-8E85-517445B56CA4}.Debug|x64.ActiveCfg = Debug|x64
		{F59B585E-B2D1-4568-8E85-517445B56CA4}.Debug|x64.Build.0 = Debug|x64
		{F59B585E-B2D1-4568-8E85-517445B56CA4}.Debug|x86.ActiveCfg = Debug|Win32
		{F59B585E-B2D1-4568-8E85-517445B56CA4}.Debug|x86.Build.0 = Debug|Win32
		{F59B585E-B2D1-4568-8E85-517445B56CA4}.Release|x64.ActiveCfg = Release|x64
		{F59B585E-B2D1-4568-8E85-517445B56CA4}.Release|x64.Build.0 = Release|x64
		{F59B585E-B2D1-4568-8E85-517445B56CA4}.Release|x86.ActiveCfg = Release|Win32
		{F59B585E-B2D1-4568-8E85-517445B56CA4}.Release|x86.Build.0 = Release|Win32
		{4DD4CA61-72A8-442E-B6AA-20ECFF250A5F}.Debug|x64.ActiveCfg = Debug|x64
		{4DD4CA61-72A8-442E-B6AA-20ECFF250A5F}.Debug|x64.Build.0 = Debug|x64
		{4DD4CA61-72A8-442E-B6AA-20ECFF250A5F}.Debug|x86.ActiveCfg = Debug|Win32
		{4DD4CA61-72A8-442E-B6AA-20ECFF250A5F}.Debug|x86.Build.0 = Debug|Win32
		{4DD4CA61-72A8-442E-B6AA-20ECFF250A5F}.Release|x64.ActiveCfg = Release|x64
		{4DD4CA61-72A8-442E-B6AA-20ECFF250A5F}.Release|x64.Build.0 = Release|x64
		{4DD4CA61-72A8-442E-B6AA-20ECFF250A5F}.Release|x86.ActiveCfg = Release|Win32
		{4DD4CA61-72A8-442E-B6AA-20ECFF250A5F}.Release|x86.Build.0 = Release|Win32
		{EA9EB824-292E-4B32-9E43-F494FD033F46}.Debug|x64.ActiveCfg = Debug|x64
		{EA9EB824-292E-4B32-9E43-F494FD033F46}.Debug|x64.Build.0 = Debug|x64
		{EA9EB824-292E-4B32-9E43-F494FD033F46}.Debug|x86.ActiveCfg = Debug|Win32
		{EA9EB824-292E-4B32-9E43-F494FD033F46}.Debug|x86.Build.0 = Debug|Win32
		{EA9EB824-292E-4B32-9E43-F494FD033F46}.Release|x64.ActiveCfg = Release|x64
		{EA9EB824-292E-4B32-9E43-F494FD033F46}.Release|x64.Build.0 = Release|x64
		{EA9EB824-292E-4B32-9E43-F494FD033F46}.Release|x86.ActiveCfg = Release|Win32
		{EA9EB824-292E-4B32-9E43-F494FD033F46}.Release|x86.Build.0 = Release|Win32
		{E4F29845-78F3-4BAB-9137-39AE7FCA5BB9}.Debug|x64.ActiveCfg = Debug|x64
		{E4F29845-78F3-4BAB-9137-39AE7FCA5BB9}.Debug|x64.Build.0 = Debug|x64
		{E4F29845-78F3-4BAB-9137-39AE7FCA5BB9}.Debug|x86.ActiveCfg = Debug|Win32
		{E4F29845-78F3-4BAB-9137-39AE7FCA5BB9}.Debug|x86.Build.0 = Debug|Win32
		{E4F29845-78F3-4BAB-9137-39AE7FCA5BB9}.Release|x64.ActiveCfg = Release|x64
		{E4F29845-78F3-4BAB-9137-39AE7FCA5BB9}.Release|x64.Build.0 = Release|x64
		{E4F29845-78F3-4BAB-9137-39AE7FCA5BB9}.Release|x86.ActiveCfg = Release|Win32
		{E4F29845-78F3-4BAB-9137-39AE7FCA5BB9}.Release|x86.Build.0 = Release|Win32
		{B43BE10E-D31F-4179-BC87-8C57EE0F7066}.Debug|x64.ActiveCfg = Debug|x64
		{B43BE10E-D31F-4179-BC87-8C57EE0F7066}.Debug|x64.Build.0 = Debug|x64
		{B43BE10E-D31F-4179-BC87-8C57EE0F7066}.Debug|x86.ActiveCfg = Debug|Win32
		{B43BE10E-D31F-4179-BC87-8C57EE0F7066}.Debug|x86.Build.0 = Debug|Win32
		{B43BE10E-D31F-4179-BC87-8C57EE0F7066}.Release|x64.ActiveCfg = Release|x64
		{B43BE10E-D31F-4179-BC87-8C57EE0F7066}.Release|x64.Build.0 = Release|x64
		{B43BE10E-D31F-4179-BC87-8C57EE0F7066}.Release|x86.ActiveCfg = Release|Win32
		{B43BE10E-D31F-4179-BC87-8C57EE0F7066}.Release|x86.Build.0 = Release|Win32
		{7C30A2FC-4FC0-4FDE-B2E9-0527E606891B}.Debug|x64.ActiveCfg = Debug|x64
		{7C30A2FC-4FC0-4FDE-B2E9-0527E606891B}.Debug|x64.Build.0 = Debug|x64
		{7C30A2FC-4FC0-4FDE-B2E9-0527E606891B}.Debug|x86.ActiveCfg = Debug|Win32
		{7C30A2FC-4FC0-4FDE-B2E9-0527E606891B}.Debug|x86.Build.0 = Debug|Win32
		{7C30A2FC-4FC0-4FDE-B2E9-0527E606891B}.Release|x64.ActiveCfg = Release|x64
		{7C30A2FC-4FC0-4FDE-B2E9-0527E606891B}.Release|x64.Build.0 = Release|x64
		{7C30A2FC-4FC0-4FDE-B2E9-0527E606891B}.Release|x86.ActiveCfg = Release|Win32
		{7C30A2FC-4FC0-4FDE-B2E9-0527E606891B}.Release|x86.Build.0 = Release|Win32
		{04DA7EBF-385A-4FF9-A742-43176DB52FBF}.Debug|x64.ActiveCfg = Debug|x64
		{04DA7EBF-385A-4FF9-A742-43176DB52FBF}.Debug|x64.Build.0 = Debug|x64
		{04DA7EBF-385A-4FF9-A742-43176DB52FBF}.Debug|x86.ActiveCfg = Debug|Win32
		{04DA7EBF-385A-4FF9-A742-43176DB52FBF}.Debug|x86.Build.0 = Debug|Win32
		{04DA7EBF-385A-4FF9-A742-43176DB52FBF}.Release|x64.ActiveCfg = Release|x64
		{04DA7EBF-385A-4FF9-A742-43176DB52FBF}.Release|x64.Build.0 = Release|x64
		{04DA7EBF-385A-4FF9-A742-43176DB52FBF}.Release|x86.ActiveCfg = Release|Win32
		{04DA7EBF-385A-4FF9-A742-43176DB52FBF}.Release|x86.Build.0 = Release|Win32
		{0370DE7F-E8F4-437C-861F-8B444BF25670}.Debug|x64.ActiveCfg = Debug|x64
		{0370DE7F-E8F4-437C-861F-8B444BF25670}.Debug|x64.Build.0 = Debug|x64
		{0370DE7F-E8F4-437C-861F-8B444BF25670}.Debug|x86.ActiveCfg = Debug|Win32
		{0370DE7F-E8F4-437C-861F-8B444BF25670}.Debug|x86.Build.0 = Debug|Win32
		{0370DE7F-E8F4-437C-861F-8B444BF25670}.Release|x64.ActiveCfg = Release|x64
		{0370DE7F-E8F4-437C-861F-8B444BF25670}.Release|x64.Build.0 = Release|x64
		{0370DE7F-E8F4-437C-861F-8B444BF25670}.Release|x86.ActiveCfg = Release|Win32
		{0370DE7F-E8F4-437C-861F-8B444BF25670}.Release|x86.Build.0 = Release|Win32
		{958EF64E-9728-46E3-BAF7-66D7D58DD06B}.Debug|x64.ActiveCfg = Debug|x64
		{958EF64E-9728-46E3-BAF7-66D7D58DD06B}.Debug|x64.Build.0 = Debug|x64
		{958EF64E-9728-46E3-BAF7-66D7D58DD06B}.Debug|x86.ActiveCfg = Debug|Win32
		{958EF64E-9728-46E3-BAF7-66D7D58DD06B}.Debug|x86.Build.0 = Debug|Win32
		{958EF64E-9728-46E3-BAF7-66D7D58DD06B}.Release|x64.ActiveCfg = Release|x64
		{958EF64E-9728-46E3-BAF7-66D7D58DD06B}.Release|x64.Build.0 = Release|x64
		{958EF64E-9728-46E3-BAF7-66D7D58DD06B}.Release|x86.ActiveCfg = Release|Win32
		{958EF64E-9728-46E3-BAF7-66D7D58DD06B}.Release|x86.Build.0 = Release|Win32
		{D6A95650-813B-49A8-9AA8-C00D4853C482}.Debug|x64.ActiveCfg = Debug|x64
		{D6A95650-813B-49A8-9AA8-C00D4853C482}.Debug|x64.Build.0 = Debug|x64
		{D6A95650-813B-49A8-9AA8-C00D4853C482}.Debug|x86.ActiveCfg = Debug|Win32
		{D6A95650-813B-49A8-9AA8-C00D4853C482}.Debug|x86.Build.0 = Debug|Win32
		{D6A95650-813B-49A8-9AA8-C00D4853C482}.Release|x64.ActiveCfg = Release|x64
		{D6A95650-813B-49A8-9AA8-C00D4853C482}.Release|x64.Build.0 = Release|x64
		{D6A95650-813B-49A8-9AA8-C00D4853C482}.Release|x86.ActiveCfg = Release|Win32
		{D6A95650-813B-49A8-9AA8-C00D4853C482}.Release|x86.Build.0 = Release|Win32
		{5F63BD5F-A4D3-47C2-882C-064EEA44DB70}.Debug|x64.ActiveCfg = Debug|x64
		{5F63BD5F-A4D3-47C2-882C-064EEA44DB70}.Debug|x64.Build.0 = Debug|x64
		{5F63BD5F-A4D3-47C2-882C-064EEA44DB70}.Debug|x86.ActiveCfg = Debug|Win32
		{5F63BD5F-A4D3-47C2-882C-064EEA44DB70}.Debug|x86.Build.0 = Debug|Win32
		{5F63BD5F-A4D3-47C2-882C-064EEA44DB70}.Release|x64.ActiveCfg = Release|x64
		{5F63BD5F-A4D3-47C2-882C-064EEA44DB70}.Release|x64.Build.0 = Release|x64
		{5F63BD5F-A4D3-47C2-882C-064EEA44DB70}.Release|x86.ActiveCfg = Release|Win32
		{5F63BD5F-A4D3-47C2-882C-064EEA44DB70}.Release|x86.Build.0 = Release|Win32
		{62954B59-AEC9-4DA0-9309-0F921837C96F}.Debug|x64.ActiveCfg = Debug|x64
		{62954B59-AEC9-4DA0-9309-0F921837C96F}.Debug|x64.Build.0 = Debug|x64
		{62954B59-AEC9-4DA0-9309-0F921837C96F}.Debug|x86.ActiveCfg = Debug|Win32
		{62954B59-AEC9-4DA0-9309-0F921837C96F}.Debug|x86.Build.0 = Debug|Win32
		{62954B59-AEC9-4DA0-9309-0F921837C96F}.Release|x64.ActiveCfg = Release|x64
		{62954B59-AEC9-4DA0-9309-0F921837C96F}.Release|x64.Build.0 = Release|x64
		{62954B59-AEC9-4DA0-9309-0F921837C96F}.Release|x86.ActiveCfg = Release|Win32
		{62954B59-AEC9-4DA0-9309-0F921837C96F}.Release|x86.Build.0 = Release|Win32
		{9376BF83-D712-4ADB-8437-B327E2112A08}.Debug|x64.ActiveCfg = Debug|x64
		{9376BF83-D712-4ADB-8437-B327E2112A08}.Debug|x64.Build.0 = Debug|x64
		{9376BF83-D712-4ADB-8437-B327E2112A08}.Debug|x86.ActiveCfg = Debug|Win32
		{9376BF83-D712-4ADB-8437-B327E2112A08}.Debug|x86.Build.0 = Debug|Win32
		{9376BF83-D712-4ADB-8437-B327E2112A08}.Release|x64.ActiveCfg = Release|x64
		{9376BF83-D712-4ADB-8437-B327E2112A08}.Release|x64.Build.0 = Release|x64
		{9376BF83-D712-4ADB-8437-B327E2112A08}.Release|x86.ActiveCfg = Release|Win32
		{9376BF83-D712-4ADB-8437-B327E2112A08}.Release|x86.Build.0 = Release|Win32
		{F2F9E136-FB84-4AC1-BE03-637CF2B97CEC}.Debug|x64.ActiveCfg = Debug|x64
		{F2F9E136-FB84-4AC1-BE03-637CF2B97CEC}.Debug|x64.Build.0 = Debug|x64
		{F2F9E136-FB84-4AC1-BE03-637CF2B97CEC}.Debug|x86.ActiveCfg = Debug|Win32
		{F2F9E136-FB84-4AC1-BE03-637CF2B97CEC}.Debug|x86.Build.0 = Debug|Win32
		{F2F9E136-FB84-4AC1-BE03-637CF2B97CEC}.Release|x64.ActiveCfg = Release|x64
		{F2F9E136-FB84-4AC1-BE03-637CF2B97CEC}.Release|x64.Build.0 = Release|x64
		{F2F9E136-FB84-4AC1-BE03-637CF2B97CEC}.Release|x86.ActiveCfg = Release|Win32
		{F2F9E136-FB84-4AC1-BE03-637CF2B97CEC}.Release|x86.Build.0 = Release|Win32
		{F0EF8548-91CB-49F4-9DC6-BA3582FAB18F}.Debug|x64.ActiveCfg = Debug|x64
		{F0EF8548-91CB-49F4-9DC6-BA3582FAB18F}.Debug|x64.Build.0 = Debug|x64
		{F0EF8548-91CB-49F4-9DC6-BA3582FAB18F}.Debug|x86.ActiveCfg = Debug|Win32
		{F0EF8548-91CB-49F4-9DC6-BA3582FAB18F}.Debug|x86.Build.0 = Debug|Win32
		{F0EF8548-91CB-49F4-9DC6-BA3582FAB18F}.Release|x64.ActiveCfg = Release|x64
		{F0EF8548-91CB-49F4-9DC6-BA3582FAB18F}.Release|x64.Build.0 = Release|x64
		{F0EF8548-91CB-49F4-9DC6-BA3582FAB18F}.Release|x86.ActiveCfg = Release|Win32
		{F0EF8548-91CB-49F4-9DC6-BA3582FAB18F}.Release|x86.Build.0 = Release|Win32
		{04E3F871-106F-4D20-925F-AC8D2D4AA4A6}.Debug|x64.ActiveCfg = Debug|x64
		{04E3F871-106F-4D20-925F-AC8D2D4AA4A6}.Debug|x64.Build.0 = Debug|x64
		{04E3F871-106F-4D20-925F-AC8D2D4AA4A6}.Debug|x86.ActiveCfg = Debug|Win32
		{04E3F871-106F-4D20-925F-AC8D2D4AA4A6}.Debug|x86.Build.0 = Debug|Win32
		{04E3F871-106F-4D20-925F-AC8D2D4AA4A6}.Release|x64.ActiveCfg = Release|x64
		{04E3F871-106F-4D20-925F-AC8D2D4AA4A6}.Release|x64.Build.0 = Release|x64
		{04E3F871-106F-4D20-925F-AC8D2D4AA4A6}.Release|x86.ActiveCfg = Release|Win32
		{04E3F871-106F-4D20-925F-AC8D2D4AA4A6}.Release|x86.Build.0 = Release|Win32
	EndGlobalSection
	GlobalSection(SolutionProperties) = preSolution
		HideSolutionNode = FALSE
	EndGlobalSection
	GlobalSection(ExtensibilityGlobals) = postSolution
		SolutionGuid = {F198BF0B-FFC1-4D80-8549-8605A17FEFBB}
	EndGlobalSection
EndGlobal
